
Microsoft Visual Studio Solution File, Format Version 12.00
# Visual Studio Version 16
VisualStudioVersion = 16.0.31911.196
MinimumVisualStudioVersion = 10.0.40219.1
Project("{FAE04EC0-301F-11D3-BF4B-00C04F79EFBC}") = "CognizantGallery.Web.Api", "CognizantGallery.Web.Api\CognizantGallery.Web.Api.csproj", "{0B5B3314-6F7E-43EA-9813-29934E2E76B5}"
EndProject
Global
	GlobalSection(SolutionConfigurationPlatforms) = preSolution
		Debug|Any CPU = Debug|Any CPU
		Release|Any CPU = Release|Any CPU
	EndGlobalSection
	GlobalSection(ProjectConfigurationPlatforms) = postSolution
		{0B5B3314-6F7E-43EA-9813-29934E2E76B5}.Debug|Any CPU.ActiveCfg = Debug|Any CPU
		{0B5B3314-6F7E-43EA-9813-29934E2E76B5}.Debug|Any CPU.Build.0 = Debug|Any CPU
		{0B5B3314-6F7E-43EA-9813-29934E2E76B5}.Release|Any CPU.ActiveCfg = Release|Any CPU
		{0B5B3314-6F7E-43EA-9813-29934E2E76B5}.Release|Any CPU.Build.0 = Release|Any CPU
	EndGlobalSection
	GlobalSection(SolutionProperties) = preSolution
		HideSolutionNode = FALSE
	EndGlobalSection
	GlobalSection(ExtensibilityGlobals) = postSolution
		SolutionGuid = {AB3F95AC-95F6-41CC-8ED7-240958981E87}
	EndGlobalSection
EndGlobal
